// !$*UTF8*$!
{
	archiveVersion = 1;
	classes = {
	};
	objectVersion = 46;
	objects = {

/* Begin PBXBuildFile section */
		E51E92A41CC4B40700FAE31F /* ic_cloud.png in Resources */ = {isa = PBXBuildFile; fileRef = E51E92A31CC4B40700FAE31F /* ic_cloud.png */; };
		E51E92A61CC4B40E00FAE31F /* ic_place.png in Resources */ = {isa = PBXBuildFile; fileRef = E51E92A51CC4B40E00FAE31F /* ic_place.png */; };
		E51E92A81CC4B41500FAE31F /* ic_system.png in Resources */ = {isa = PBXBuildFile; fileRef = E51E92A71CC4B41500FAE31F /* ic_system.png */; };
		E51E92AD1CC4B99A00FAE31F /* course_Custom@2x.png in Resources */ = {isa = PBXBuildFile; fileRef = E51E92A91CC4B99A00FAE31F /* course_Custom@2x.png */; };
		E51E92AE1CC4B99A00FAE31F /* course_Custom@3x.png in Resources */ = {isa = PBXBuildFile; fileRef = E51E92AA1CC4B99A00FAE31F /* course_Custom@3x.png */; };
		E51E92AF1CC4B99A00FAE31F /* course_Roam@2x.png in Resources */ = {isa = PBXBuildFile; fileRef = E51E92AB1CC4B99A00FAE31F /* course_Roam@2x.png */; };
		E51E92B01CC4B99A00FAE31F /* course_Roam@3x.png in Resources */ = {isa = PBXBuildFile; fileRef = E51E92AC1CC4B99A00FAE31F /* course_Roam@3x.png */; };
		E5424E5A1CC0952600A3681D /* main.m in Sources */ = {isa = PBXBuildFile; fileRef = E5424E591CC0952600A3681D /* main.m */; };
		E5424E5D1CC0952600A3681D /* AppDelegate.m in Sources */ = {isa = PBXBuildFile; fileRef = E5424E5C1CC0952600A3681D /* AppDelegate.m */; };
		E5424E601CC0952600A3681D /* ViewController.m in Sources */ = {isa = PBXBuildFile; fileRef = E5424E5F1CC0952600A3681D /* ViewController.m */; };
		E5424E631CC0952600A3681D /* Main.storyboard in Resources */ = {isa = PBXBuildFile; fileRef = E5424E611CC0952600A3681D /* Main.storyboard */; };
		E5424E651CC0952600A3681D /* Assets.xcassets in Resources */ = {isa = PBXBuildFile; fileRef = E5424E641CC0952600A3681D /* Assets.xcassets */; };
		E5424E681CC0952600A3681D /* LaunchScreen.storyboard in Resources */ = {isa = PBXBuildFile; fileRef = E5424E661CC0952600A3681D /* LaunchScreen.storyboard */; };
		E5424E741CC0969800A3681D /* NSObject+PointExtension.m in Sources */ = {isa = PBXBuildFile; fileRef = E5424E731CC0969800A3681D /* NSObject+PointExtension.m */; };
		E5D3342F1CC0BC8500070A1A /* CALayer+Shadow.m in Sources */ = {isa = PBXBuildFile; fileRef = E5D3342E1CC0BC8500070A1A /* CALayer+Shadow.m */; };
		E5D334321CC0C0D800070A1A /* CGMath.m in Sources */ = {isa = PBXBuildFile; fileRef = E5D334311CC0C0D800070A1A /* CGMath.m */; };
		E5D334351CC0C48E00070A1A /* UIColor+Extension.m in Sources */ = {isa = PBXBuildFile; fileRef = E5D334341CC0C48E00070A1A /* UIColor+Extension.m */; };
		E5D334381CC0C82C00070A1A /* SimpleCircleLiquidEngine.m in Sources */ = {isa = PBXBuildFile; fileRef = E5D334371CC0C82C00070A1A /* SimpleCircleLiquidEngine.m */; };
		E5D3343D1CC0CAA400070A1A /* LiquittableCircle.m in Sources */ = {isa = PBXBuildFile; fileRef = E5D3343C1CC0CAA400070A1A /* LiquittableCircle.m */; };
		E5D334401CC0DBBA00070A1A /* NSArray+Extension.m in Sources */ = {isa = PBXBuildFile; fileRef = E5D3343F1CC0DBBA00070A1A /* NSArray+Extension.m */; };
		E5D334431CC0E65000070A1A /* NSObject+BezierPath.m in Sources */ = {isa = PBXBuildFile; fileRef = E5D334421CC0E65000070A1A /* NSObject+BezierPath.m */; };
		E5D334461CC4724D00070A1A /* LiquidFloatingActionButton.m in Sources */ = {isa = PBXBuildFile; fileRef = E5D334451CC4724D00070A1A /* LiquidFloatingActionButton.m */; };
		E5D334491CC473C800070A1A /* LiquidFloatingCell.m in Sources */ = {isa = PBXBuildFile; fileRef = E5D334481CC473C800070A1A /* LiquidFloatingCell.m */; };
		E5D3344C1CC47BC000070A1A /* ActionBarBaseView.m in Sources */ = {isa = PBXBuildFile; fileRef = E5D3344B1CC47BC000070A1A /* ActionBarBaseView.m */; };
		E5D3344F1CC47EF900070A1A /* CircleLiquidBaseView.m in Sources */ = {isa = PBXBuildFile; fileRef = E5D3344E1CC47EF900070A1A /* CircleLiquidBaseView.m */; };
/* End PBXBuildFile section */

/* Begin PBXFileReference section */
		E51E92A31CC4B40700FAE31F /* ic_cloud.png */ = {isa = PBXFileReference; lastKnownFileType = image.png; path = ic_cloud.png; sourceTree = "<group>"; };
		E51E92A51CC4B40E00FAE31F /* ic_place.png */ = {isa = PBXFileReference; lastKnownFileType = image.png; path = ic_place.png; sourceTree = "<group>"; };
		E51E92A71CC4B41500FAE31F /* ic_system.png */ = {isa = PBXFileReference; lastKnownFileType = image.png; path = ic_system.png; sourceTree = "<group>"; };
		E51E92A91CC4B99A00FAE31F /* course_Custom@2x.png */ = {isa = PBXFileReference; lastKnownFileType = image.png; path = "course_Custom@2x.png"; sourceTree = "<group>"; };
		E51E92AA1CC4B99A00FAE31F /* course_Custom@3x.png */ = {isa = PBXFileReference; lastKnownFileType = image.png; path = "course_Custom@3x.png"; sourceTree = "<group>"; };
		E51E92AB1CC4B99A00FAE31F /* course_Roam@2x.png */ = {isa = PBXFileReference; lastKnownFileType = image.png; path = "course_Roam@2x.png"; sourceTree = "<group>"; };
		E51E92AC1CC4B99A00FAE31F /* course_Roam@3x.png */ = {isa = PBXFileReference; lastKnownFileType = image.png; path = "course_Roam@3x.png"; sourceTree = "<group>"; };
		E5424E551CC0952600A3681D /* LiquidFloatingActionButtonOCVersion.app */ = {isa = PBXFileReference; explicitFileType = wrapper.application; includeInIndex = 0; path = LiquidFloatingActionButtonOCVersion.app; sourceTree = BUILT_PRODUCTS_DIR; };
		E5424E591CC0952600A3681D /* main.m */ = {isa = PBXFileReference; lastKnownFileType = sourcecode.c.objc; path = main.m; sourceTree = "<group>"; };
		E5424E5B1CC0952600A3681D /* AppDelegate.h */ = {isa = PBXFileReference; lastKnownFileType = sourcecode.c.h; path = AppDelegate.h; sourceTree = "<group>"; };
		E5424E5C1CC0952600A3681D /* AppDelegate.m */ = {isa = PBXFileReference; lastKnownFileType = sourcecode.c.objc; path = AppDelegate.m; sourceTree = "<group>"; };
		E5424E5E1CC0952600A3681D /* ViewController.h */ = {isa = PBXFileReference; lastKnownFileType = sourcecode.c.h; path = ViewController.h; sourceTree = "<group>"; };
		E5424E5F1CC0952600A3681D /* ViewController.m */ = {isa = PBXFileReference; lastKnownFileType = sourcecode.c.objc; path = ViewController.m; sourceTree = "<group>"; };
		E5424E621CC0952600A3681D /* Base */ = {isa = PBXFileReference; lastKnownFileType = file.storyboard; name = Base; path = Base.lproj/Main.storyboard; sourceTree = "<group>"; };
		E5424E641CC0952600A3681D /* Assets.xcassets */ = {isa = PBXFileReference; lastKnownFileType = folder.assetcatalog; path = Assets.xcassets; sourceTree = "<group>"; };
		E5424E671CC0952600A3681D /* Base */ = {isa = PBXFileReference; lastKnownFileType = file.storyboard; name = Base; path = Base.lproj/LaunchScreen.storyboard; sourceTree = "<group>"; };
		E5424E691CC0952600A3681D /* Info.plist */ = {isa = PBXFileReference; lastKnownFileType = text.plist.xml; path = Info.plist; sourceTree = "<group>"; };
		E5424E721CC0969800A3681D /* NSObject+PointExtension.h */ = {isa = PBXFileReference; fileEncoding = 4; lastKnownFileType = sourcecode.c.h; path = "NSObject+PointExtension.h"; sourceTree = "<group>"; };
		E5424E731CC0969800A3681D /* NSObject+PointExtension.m */ = {isa = PBXFileReference; fileEncoding = 4; lastKnownFileType = sourcecode.c.objc; path = "NSObject+PointExtension.m"; sourceTree = "<group>"; };
		E5D3342D1CC0BC8500070A1A /* CALayer+Shadow.h */ = {isa = PBXFileReference; fileEncoding = 4; lastKnownFileType = sourcecode.c.h; path = "CALayer+Shadow.h"; sourceTree = "<group>"; };
		E5D3342E1CC0BC8500070A1A /* CALayer+Shadow.m */ = {isa = PBXFileReference; fileEncoding = 4; lastKnownFileType = sourcecode.c.objc; path = "CALayer+Shadow.m"; sourceTree = "<group>"; };
		E5D334301CC0C0D800070A1A /* CGMath.h */ = {isa = PBXFileReference; fileEncoding = 4; lastKnownFileType = sourcecode.c.h; path = CGMath.h; sourceTree = "<group>"; };
		E5D334311CC0C0D800070A1A /* CGMath.m */ = {isa = PBXFileReference; fileEncoding = 4; lastKnownFileType = sourcecode.c.objc; path = CGMath.m; sourceTree = "<group>"; };
		E5D334331CC0C48E00070A1A /* UIColor+Extension.h */ = {isa = PBXFileReference; fileEncoding = 4; lastKnownFileType = sourcecode.c.h; path = "UIColor+Extension.h"; sourceTree = "<group>"; };
		E5D334341CC0C48E00070A1A /* UIColor+Extension.m */ = {isa = PBXFileReference; fileEncoding = 4; lastKnownFileType = sourcecode.c.objc; path = "UIColor+Extension.m"; sourceTree = "<group>"; };
		E5D334361CC0C82C00070A1A /* SimpleCircleLiquidEngine.h */ = {isa = PBXFileReference; fileEncoding = 4; lastKnownFileType = sourcecode.c.h; path = SimpleCircleLiquidEngine.h; sourceTree = "<group>"; };
		E5D334371CC0C82C00070A1A /* SimpleCircleLiquidEngine.m */ = {isa = PBXFileReference; fileEncoding = 4; lastKnownFileType = sourcecode.c.objc; path = SimpleCircleLiquidEngine.m; sourceTree = "<group>"; };
		E5D334391CC0C91D00070A1A /* LiquidFloatingButtonHeader.h */ = {isa = PBXFileReference; fileEncoding = 4; lastKnownFileType = sourcecode.c.h; path = LiquidFloatingButtonHeader.h; sourceTree = "<group>"; };
		E5D3343A1CC0C95600070A1A /* LiquidFloatingActionButtonPrefixHeader.pch */ = {isa = PBXFileReference; fileEncoding = 4; lastKnownFileType = sourcecode.c.h; path = LiquidFloatingActionButtonPrefixHeader.pch; sourceTree = "<group>"; };
		E5D3343B1CC0CAA400070A1A /* LiquittableCircle.h */ = {isa = PBXFileReference; fileEncoding = 4; lastKnownFileType = sourcecode.c.h; path = LiquittableCircle.h; sourceTree = "<group>"; };
		E5D3343C1CC0CAA400070A1A /* LiquittableCircle.m */ = {isa = PBXFileReference; fileEncoding = 4; lastKnownFileType = sourcecode.c.objc; path = LiquittableCircle.m; sourceTree = "<group>"; };
		E5D3343E1CC0DBBA00070A1A /* NSArray+Extension.h */ = {isa = PBXFileReference; fileEncoding = 4; lastKnownFileType = sourcecode.c.h; path = "NSArray+Extension.h"; sourceTree = "<group>"; };
		E5D3343F1CC0DBBA00070A1A /* NSArray+Extension.m */ = {isa = PBXFileReference; fileEncoding = 4; lastKnownFileType = sourcecode.c.objc; path = "NSArray+Extension.m"; sourceTree = "<group>"; };
		E5D334411CC0E65000070A1A /* NSObject+BezierPath.h */ = {isa = PBXFileReference; fileEncoding = 4; lastKnownFileType = sourcecode.c.h; path = "NSObject+BezierPath.h"; sourceTree = "<group>"; };
		E5D334421CC0E65000070A1A /* NSObject+BezierPath.m */ = {isa = PBXFileReference; fileEncoding = 4; lastKnownFileType = sourcecode.c.objc; path = "NSObject+BezierPath.m"; sourceTree = "<group>"; };
		E5D334441CC4724D00070A1A /* LiquidFloatingActionButton.h */ = {isa = PBXFileReference; fileEncoding = 4; lastKnownFileType = sourcecode.c.h; path = LiquidFloatingActionButton.h; sourceTree = "<group>"; };
		E5D334451CC4724D00070A1A /* LiquidFloatingActionButton.m */ = {isa = PBXFileReference; fileEncoding = 4; lastKnownFileType = sourcecode.c.objc; path = LiquidFloatingActionButton.m; sourceTree = "<group>"; };
		E5D334471CC473C800070A1A /* LiquidFloatingCell.h */ = {isa = PBXFileReference; fileEncoding = 4; lastKnownFileType = sourcecode.c.h; path = LiquidFloatingCell.h; sourceTree = "<group>"; };
		E5D334481CC473C800070A1A /* LiquidFloatingCell.m */ = {isa = PBXFileReference; fileEncoding = 4; lastKnownFileType = sourcecode.c.objc; path = LiquidFloatingCell.m; sourceTree = "<group>"; };
		E5D3344A1CC47BC000070A1A /* ActionBarBaseView.h */ = {isa = PBXFileReference; fileEncoding = 4; lastKnownFileType = sourcecode.c.h; path = ActionBarBaseView.h; sourceTree = "<group>"; };
		E5D3344B1CC47BC000070A1A /* ActionBarBaseView.m */ = {isa = PBXFileReference; fileEncoding = 4; lastKnownFileType = sourcecode.c.objc; path = ActionBarBaseView.m; sourceTree = "<group>"; };
		E5D3344D1CC47EF900070A1A /* CircleLiquidBaseView.h */ = {isa = PBXFileReference; fileEncoding = 4; lastKnownFileType = sourcecode.c.h; path = CircleLiquidBaseView.h; sourceTree = "<group>"; };
		E5D3344E1CC47EF900070A1A /* CircleLiquidBaseView.m */ = {isa = PBXFileReference; fileEncoding = 4; lastKnownFileType = sourcecode.c.objc; path = CircleLiquidBaseView.m; sourceTree = "<group>"; };
/* End PBXFileReference section */

/* Begin PBXFrameworksBuildPhase section */
		E5424E521CC0952600A3681D /* Frameworks */ = {
			isa = PBXFrameworksBuildPhase;
			buildActionMask = 2147483647;
			files = (
			);
			runOnlyForDeploymentPostprocessing = 0;
		};
/* End PBXFrameworksBuildPhase section */

/* Begin PBXGroup section */
		E51E92A21CC4B3EB00FAE31F /* Resources */ = {
			isa = PBXGroup;
			children = (
				E51E92A91CC4B99A00FAE31F /* course_Custom@2x.png */,
				E51E92AA1CC4B99A00FAE31F /* course_Custom@3x.png */,
				E51E92AB1CC4B99A00FAE31F /* course_Roam@2x.png */,
				E51E92AC1CC4B99A00FAE31F /* course_Roam@3x.png */,
				E51E92A71CC4B41500FAE31F /* ic_system.png */,
				E51E92A51CC4B40E00FAE31F /* ic_place.png */,
				E51E92A31CC4B40700FAE31F /* ic_cloud.png */,
			);
			path = Resources;
			sourceTree = "<group>";
		};
		E5424E4C1CC0952600A3681D = {
			isa = PBXGroup;
			children = (
				E5424E571CC0952600A3681D /* LiquidFloatingActionButtonOCVersion */,
				E5424E561CC0952600A3681D /* Products */,
			);
			sourceTree = "<group>";
		};
		E5424E561CC0952600A3681D /* Products */ = {
			isa = PBXGroup;
			children = (
				E5424E551CC0952600A3681D /* LiquidFloatingActionButtonOCVersion.app */,
			);
			name = Products;
			sourceTree = "<group>";
		};
		E5424E571CC0952600A3681D /* LiquidFloatingActionButtonOCVersion */ = {
			isa = PBXGroup;
			children = (
				E51E92A21CC4B3EB00FAE31F /* Resources */,
				E5424E6F1CC0961E00A3681D /* Views */,
				E5424E701CC0961E00A3681D /* Tools */,
				E5424E711CC0961E00A3681D /* Category */,
				E5424E5B1CC0952600A3681D /* AppDelegate.h */,
				E5424E5C1CC0952600A3681D /* AppDelegate.m */,
				E5424E5E1CC0952600A3681D /* ViewController.h */,
				E5424E5F1CC0952600A3681D /* ViewController.m */,
				E5424E611CC0952600A3681D /* Main.storyboard */,
				E5424E641CC0952600A3681D /* Assets.xcassets */,
				E5424E661CC0952600A3681D /* LaunchScreen.storyboard */,
				E5424E691CC0952600A3681D /* Info.plist */,
				E5424E581CC0952600A3681D /* Supporting Files */,
				E5D334391CC0C91D00070A1A /* LiquidFloatingButtonHeader.h */,
			);
			path = LiquidFloatingActionButtonOCVersion;
			sourceTree = "<group>";
		};
		E5424E581CC0952600A3681D /* Supporting Files */ = {
			isa = PBXGroup;
			children = (
				E5424E591CC0952600A3681D /* main.m */,
				E5D3343A1CC0C95600070A1A /* LiquidFloatingActionButtonPrefixHeader.pch */,
			);
			name = "Supporting Files";
			sourceTree = "<group>";
		};
		E5424E6F1CC0961E00A3681D /* Views */ = {
			isa = PBXGroup;
			children = (
				E5D334361CC0C82C00070A1A /* SimpleCircleLiquidEngine.h */,
				E5D334371CC0C82C00070A1A /* SimpleCircleLiquidEngine.m */,
				E5D3343B1CC0CAA400070A1A /* LiquittableCircle.h */,
				E5D3343C1CC0CAA400070A1A /* LiquittableCircle.m */,
				E5D334441CC4724D00070A1A /* LiquidFloatingActionButton.h */,
				E5D334451CC4724D00070A1A /* LiquidFloatingActionButton.m */,
				E5D334471CC473C800070A1A /* LiquidFloatingCell.h */,
				E5D334481CC473C800070A1A /* LiquidFloatingCell.m */,
				E5D3344A1CC47BC000070A1A /* ActionBarBaseView.h */,
				E5D3344B1CC47BC000070A1A /* ActionBarBaseView.m */,
				E5D3344D1CC47EF900070A1A /* CircleLiquidBaseView.h */,
				E5D3344E1CC47EF900070A1A /* CircleLiquidBaseView.m */,
			);
			path = Views;
			sourceTree = "<group>";
		};
		E5424E701CC0961E00A3681D /* Tools */ = {
			isa = PBXGroup;
			children = (
				E5D334301CC0C0D800070A1A /* CGMath.h */,
				E5D334311CC0C0D800070A1A /* CGMath.m */,
			);
			path = Tools;
			sourceTree = "<group>";
		};
		E5424E711CC0961E00A3681D /* Category */ = {
			isa = PBXGroup;
			children = (
				E5424E721CC0969800A3681D /* NSObject+PointExtension.h */,
				E5424E731CC0969800A3681D /* NSObject+PointExtension.m */,
				E5D3342D1CC0BC8500070A1A /* CALayer+Shadow.h */,
				E5D3342E1CC0BC8500070A1A /* CALayer+Shadow.m */,
				E5D334331CC0C48E00070A1A /* UIColor+Extension.h */,
				E5D334341CC0C48E00070A1A /* UIColor+Extension.m */,
				E5D3343E1CC0DBBA00070A1A /* NSArray+Extension.h */,
				E5D3343F1CC0DBBA00070A1A /* NSArray+Extension.m */,
				E5D334411CC0E65000070A1A /* NSObject+BezierPath.h */,
				E5D334421CC0E65000070A1A /* NSObject+BezierPath.m */,
			);
			path = Category;
			sourceTree = "<group>";
		};
/* End PBXGroup section */

/* Begin PBXNativeTarget section */
		E5424E541CC0952600A3681D /* LiquidFloatingActionButtonOCVersion */ = {
			isa = PBXNativeTarget;
			buildConfigurationList = E5424E6C1CC0952600A3681D /* Build configuration list for PBXNativeTarget "LiquidFloatingActionButtonOCVersion" */;
			buildPhases = (
				E5424E511CC0952600A3681D /* Sources */,
				E5424E521CC0952600A3681D /* Frameworks */,
				E5424E531CC0952600A3681D /* Resources */,
			);
			buildRules = (
			);
			dependencies = (
			);
			name = LiquidFloatingActionButtonOCVersion;
			productName = LiquidFloatingActionButtonOCVersion;
			productReference = E5424E551CC0952600A3681D /* LiquidFloatingActionButtonOCVersion.app */;
			productType = "com.apple.product-type.application";
		};
/* End PBXNativeTarget section */

/* Begin PBXProject section */
		E5424E4D1CC0952600A3681D /* Project object */ = {
			isa = PBXProject;
			attributes = {
				LastUpgradeCheck = 0720;
				ORGANIZATIONNAME = yurongde;
				TargetAttributes = {
					E5424E541CC0952600A3681D = {
						CreatedOnToolsVersion = 7.2.1;
						DevelopmentTeam = FU8K87M93N;
					};
				};
			};
			buildConfigurationList = E5424E501CC0952600A3681D /* Build configuration list for PBXProject "LiquidFloatingActionButtonOCVersion" */;
			compatibilityVersion = "Xcode 3.2";
			developmentRegion = English;
			hasScannedForEncodings = 0;
			knownRegions = (
				en,
				Base,
			);
			mainGroup = E5424E4C1CC0952600A3681D;
			productRefGroup = E5424E561CC0952600A3681D /* Products */;
			projectDirPath = "";
			projectRoot = "";
			targets = (
				E5424E541CC0952600A3681D /* LiquidFloatingActionButtonOCVersion */,
			);
		};
/* End PBXProject section */

/* Begin PBXResourcesBuildPhase section */
		E5424E531CC0952600A3681D /* Resources */ = {
			isa = PBXResourcesBuildPhase;
			buildActionMask = 2147483647;
			files = (
				E51E92A61CC4B40E00FAE31F /* ic_place.png in Resources */,
				E51E92B01CC4B99A00FAE31F /* course_Roam@3x.png in Resources */,
				E51E92AF1CC4B99A00FAE31F /* course_Roam@2x.png in Resources */,
				E5424E681CC0952600A3681D /* LaunchScreen.storyboard in Resources */,
				E51E92A41CC4B40700FAE31F /* ic_cloud.png in Resources */,
				E5424E651CC0952600A3681D /* Assets.xcassets in Resources */,
				E51E92AD1CC4B99A00FAE31F /* course_Custom@2x.png in Resources */,
				E51E92AE1CC4B99A00FAE31F /* course_Custom@3x.png in Resources */,
				E5424E631CC0952600A3681D /* Main.storyboard in Resources */,
				E51E92A81CC4B41500FAE31F /* ic_system.png in Resources */,
			);
			runOnlyForDeploymentPostprocessing = 0;
		};
/* End PBXResourcesBuildPhase section */

/* Begin PBXSourcesBuildPhase section */
		E5424E511CC0952600A3681D /* Sources */ = {
			isa = PBXSourcesBuildPhase;
			buildActionMask = 2147483647;
			files = (
				E5424E601CC0952600A3681D /* ViewController.m in Sources */,
				E5D3344C1CC47BC000070A1A /* ActionBarBaseView.m in Sources */,
				E5D334461CC4724D00070A1A /* LiquidFloatingActionButton.m in Sources */,
				E5424E5D1CC0952600A3681D /* AppDelegate.m in Sources */,
				E5D334431CC0E65000070A1A /* NSObject+BezierPath.m in Sources */,
				E5424E741CC0969800A3681D /* NSObject+PointExtension.m in Sources */,
				E5D334351CC0C48E00070A1A /* UIColor+Extension.m in Sources */,
				E5424E5A1CC0952600A3681D /* main.m in Sources */,
				E5D3344F1CC47EF900070A1A /* CircleLiquidBaseView.m in Sources */,
				E5D334491CC473C800070A1A /* LiquidFloatingCell.m in Sources */,
				E5D3342F1CC0BC8500070A1A /* CALayer+Shadow.m in Sources */,
				E5D334401CC0DBBA00070A1A /* NSArray+Extension.m in Sources */,
				E5D3343D1CC0CAA400070A1A /* LiquittableCircle.m in Sources */,
				E5D334321CC0C0D800070A1A /* CGMath.m in Sources */,
				E5D334381CC0C82C00070A1A /* SimpleCircleLiquidEngine.m in Sources */,
			);
			runOnlyForDeploymentPostprocessing = 0;
		};
/* End PBXSourcesBuildPhase section */

/* Begin PBXVariantGroup section */
		E5424E611CC0952600A3681D /* Main.storyboard */ = {
			isa = PBXVariantGroup;
			children = (
				E5424E621CC0952600A3681D /* Base */,
			);
			name = Main.storyboard;
			sourceTree = "<group>";
		};
		E5424E661CC0952600A3681D /* LaunchScreen.storyboard */ = {
			isa = PBXVariantGroup;
			children = (
				E5424E671CC0952600A3681D /* Base */,
			);
			name = LaunchScreen.storyboard;
			sourceTree = "<group>";
		};
/* End PBXVariantGroup section */

/* Begin XCBuildConfiguration section */
		E5424E6A1CC0952600A3681D /* Debug */ = {
			isa = XCBuildConfiguration;
			buildSettings = {
				ALWAYS_SEARCH_USER_PATHS = NO;
				CLANG_CXX_LANGUAGE_STANDARD = "gnu++0x";
				CLANG_CXX_LIBRARY = "libc++";
				CLANG_ENABLE_MODULES = YES;
				CLANG_ENABLE_OBJC_ARC = YES;
				CLANG_WARN_BOOL_CONVERSION = YES;
				CLANG_WARN_CONSTANT_CONVERSION = YES;
				CLANG_WARN_DIRECT_OBJC_ISA_USAGE = YES_ERROR;
				CLANG_WARN_EMPTY_BODY = YES;
				CLANG_WARN_ENUM_CONVERSION = YES;
				CLANG_WARN_INT_CONVERSION = YES;
				CLANG_WARN_OBJC_ROOT_CLASS = YES_ERROR;
				CLANG_WARN_UNREACHABLE_CODE = YES;
				CLANG_WARN__DUPLICATE_METHOD_MATCH = YES;
				"CODE_SIGN_IDENTITY[sdk=iphoneos*]" = "iPhone Developer";
				COPY_PHASE_STRIP = NO;
				DEBUG_INFORMATION_FORMAT = dwarf;
				ENABLE_STRICT_OBJC_MSGSEND = YES;
				ENABLE_TESTABILITY = YES;
				GCC_C_LANGUAGE_STANDARD = gnu99;
				GCC_DYNAMIC_NO_PIC = NO;
				GCC_NO_COMMON_BLOCKS = YES;
				GCC_OPTIMIZATION_LEVEL = 0;
				GCC_PREPROCESSOR_DEFINITIONS = (
					"DEBUG=1",
					"$(inherited)",
				);
				GCC_WARN_64_TO_32_BIT_CONVERSION = YES;
				GCC_WARN_ABOUT_RETURN_TYPE = YES_ERROR;
				GCC_WARN_UNDECLARED_SELECTOR = YES;
				GCC_WARN_UNINITIALIZED_AUTOS = YES_AGGRESSIVE;
				GCC_WARN_UNUSED_FUNCTION = YES;
				GCC_WARN_UNUSED_VARIABLE = YES;
				IPHONEOS_DEPLOYMENT_TARGET = 9.2;
				MTL_ENABLE_DEBUG_INFO = YES;
				ONLY_ACTIVE_ARCH = YES;
				SDKROOT = iphoneos;
			};
			name = Debug;
		};
		E5424E6B1CC0952600A3681D /* Release */ = {
			isa = XCBuildConfiguration;
			buildSettings = {
				ALWAYS_SEARCH_USER_PATHS = NO;
				CLANG_CXX_LANGUAGE_STANDARD = "gnu++0x";
				CLANG_CXX_LIBRARY = "libc++";
				CLANG_ENABLE_MODULES = YES;
				CLANG_ENABLE_OBJC_ARC = YES;
				CLANG_WARN_BOOL_CONVERSION = YES;
				CLANG_WARN_CONSTANT_CONVERSION = YES;
				CLANG_WARN_DIRECT_OBJC_ISA_USAGE = YES_ERROR;
				CLANG_WARN_EMPTY_BODY = YES;
				CLANG_WARN_ENUM_CONVERSION = YES;
				CLANG_WARN_INT_CONVERSION = YES;
				CLANG_WARN_OBJC_ROOT_CLASS = YES_ERROR;
				CLANG_WARN_UNREACHABLE_CODE = YES;
				CLANG_WARN__DUPLICATE_METHOD_MATCH = YES;
				"CODE_SIGN_IDENTITY[sdk=iphoneos*]" = "iPhone Developer";
				COPY_PHASE_STRIP = NO;
				DEBUG_INFORMATION_FORMAT = "dwarf-with-dsym";
				ENABLE_NS_ASSERTIONS = NO;
				ENABLE_STRICT_OBJC_MSGSEND = YES;
				GCC_C_LANGUAGE_STANDARD = gnu99;
				GCC_NO_COMMON_BLOCKS = YES;
				GCC_WARN_64_TO_32_BIT_CONVERSION = YES;
				GCC_WARN_ABOUT_RETURN_TYPE = YES_ERROR;
				GCC_WARN_UNDECLARED_SELECTOR = YES;
				GCC_WARN_UNINITIALIZED_AUTOS = YES_AGGRESSIVE;
				GCC_WARN_UNUSED_FUNCTION = YES;
				GCC_WARN_UNUSED_VARIABLE = YES;
				IPHONEOS_DEPLOYMENT_TARGET = 9.2;
				MTL_ENABLE_DEBUG_INFO = NO;
				SDKROOT = iphoneos;
				VALIDATE_PRODUCT = YES;
			};
			name = Release;
		};
		E5424E6D1CC0952600A3681D /* Debug */ = {
			isa = XCBuildConfiguration;
			buildSettings = {
				ASSETCATALOG_COMPILER_APPICON_NAME = AppIcon;
				CODE_SIGN_IDENTITY = "iPhone Developer";
				GCC_PRECOMPILE_PREFIX_HEADER = YES;
				GCC_PREFIX_HEADER = LiquidFloatingActionButtonOCVersion/LiquidFloatingActionButtonPrefixHeader.pch;
				INFOPLIST_FILE = LiquidFloatingActionButtonOCVersion/Info.plist;
				LD_RUNPATH_SEARCH_PATHS = "$(inherited) @executable_path/Frameworks";
				PRODUCT_BUNDLE_IDENTIFIER = com.ssdd.LiquidFloatingActionButtonOCVersion;
				PRODUCT_NAME = "$(TARGET_NAME)";
			};
			name = Debug;
		};
		E5424E6E1CC0952600A3681D /* Release */ = {
			isa = XCBuildConfiguration;
			buildSettings = {
				ASSETCATALOG_COMPILER_APPICON_NAME = AppIcon;
				CODE_SIGN_IDENTITY = "iPhone Developer";
				GCC_PRECOMPILE_PREFIX_HEADER = YES;
				GCC_PREFIX_HEADER = LiquidFloatingActionButtonOCVersion/LiquidFloatingActionButtonPrefixHeader.pch;
				INFOPLIST_FILE = LiquidFloatingActionButtonOCVersion/Info.plist;
				LD_RUNPATH_SEARCH_PATHS = "$(inherited) @executable_path/Frameworks";
				PRODUCT_BUNDLE_IDENTIFIER = com.ssdd.LiquidFloatingActionButtonOCVersion;
				PRODUCT_NAME = "$(TARGET_NAME)";
			};
			name = Release;
		};
/* End XCBuildConfiguration section */

/* Begin XCConfigurationList section */
		E5424E501CC0952600A3681D /* Build configuration list for PBXProject "LiquidFloatingActionButtonOCVersion" */ = {
			isa = XCConfigurationList;
			buildConfigurations = (
				E5424E6A1CC0952600A3681D /* Debug */,
				E5424E6B1CC0952600A3681D /* Release */,
			);
			defaultConfigurationIsVisible = 0;
			defaultConfigurationName = Release;
		};
		E5424E6C1CC0952600A3681D /* Build configuration list for PBXNativeTarget "LiquidFloatingActionButtonOCVersion" */ = {
			isa = XCConfigurationList;
			buildConfigurations = (
				E5424E6D1CC0952600A3681D /* Debug */,
				E5424E6E1CC0952600A3681D /* Release */,
			);
			defaultConfigurationIsVisible = 0;
			defaultConfigurationName = Release;
		};
/* End XCConfigurationList section */
	};
	rootObject = E5424E4D1CC0952600A3681D /* Project object */;
}
